
Microsoft Visual Studio Solution File, Format Version 12.00
# Visual Studio Version 17
VisualStudioVersion = 17.9.34728.123
MinimumVisualStudioVersion = 10.0.40219.1
Project("{9A19103F-16F7-4668-BE54-9A1E7A4F7556}") = "ConsoleApp1", "ConsoleApp1.csproj", "{12BAAB6B-BE97-49FB-9667-926662117352}"
EndProject
Global
	GlobalSection(SolutionConfigurationPlatforms) = preSolution
		Debug|Any CPU = Debug|Any CPU
		Release|Any CPU = Release|Any CPU
	EndGlobalSection
	GlobalSection(ProjectConfigurationPlatforms) = postSolution
		{12BAAB6B-BE97-49FB-9667-926662117352}.Debug|Any CPU.ActiveCfg = Debug|Any CPU
		{12BAAB6B-BE97-49FB-9667-926662117352}.Debug|Any CPU.Build.0 = Debug|Any CPU
		{12BAAB6B-BE97-49FB-9667-926662117352}.Release|Any CPU.ActiveCfg = Release|Any CPU
		{12BAAB6B-BE97-49FB-9667-926662117352}.Release|Any CPU.Build.0 = Release|Any CPU
	EndGlobalSection
	GlobalSection(SolutionProperties) = preSolution
		HideSolutionNode = FALSE
	EndGlobalSection
	GlobalSection(ExtensibilityGlobals) = postSolution
		SolutionGuid = {BCA67A1D-66F7-43FA-A159-D09C59A6DB04}
	EndGlobalSection
EndGlobal
